{
  "name": "bit-torrent",
  "lockfileVersion": 2,
  "requires": true,
  "packages": {
    "": {
      "dependencies": {
        "bencode": "^2.0.2",
        "torrent-parser": "^1.2.0"
      }
    },
    "node_modules/bencode": {
      "version": "2.0.2",
      "resolved": "https://registry.npmjs.org/bencode/-/bencode-2.0.2.tgz",
      "integrity": "sha512-0ilVjnE2diLdbec/3KN14SP0KE85wh8v/FceNRMbAB2ioc3yTj9tgqdoK9tFEH++TZ10JreTS29qTwg7+SpTiQ=="
    },
    "node_modules/lodash": {
      "version": "4.17.21",
      "resolved": "https://registry.npmjs.org/lodash/-/lodash-4.17.21.tgz",
      "integrity": "sha512-v2kDEe57lecTulaDIuNTPy3Ry4gLGJ6Z1O3vE1krgXZNrsQ+LFTGHVxVjcXPs17LhbZVGedAJv8XZ1tvj5FvSg=="
    },
    "node_modules/torrent-parser": {
      "version": "1.2.0",
      "resolved": "https://registry.npmjs.org/torrent-parser/-/torrent-parser-1.2.0.tgz",
      "integrity": "sha1-v73jCnuBkG4rrzZ/cojBs1sOPtk=",
      "dependencies": {
        "bencode": "^0.11.0",
        "lodash": "^4.17.4"
      },
      "bin": {
        "torrent-parser": "bin/torrent-parser.js"
      }
    },
    "node_modules/torrent-parser/node_modules/bencode": {
      "version": "0.11.0",
      "resolved": "https://registry.npmjs.org/bencode/-/bencode-0.11.0.tgz",
      "integrity": "sha1-fqZdTOADADk6Q6ktVkC2+wIE3GQ="
    }
  },
  "dependencies": {
    "bencode": {
      "version": "2.0.2",
      "resolved": "https://registry.npmjs.org/bencode/-/bencode-2.0.2.tgz",
      "integrity": "sha512-0ilVjnE2diLdbec/3KN14SP0KE85wh8v/FceNRMbAB2ioc3yTj9tgqdoK9tFEH++TZ10JreTS29qTwg7+SpTiQ=="
    },
    "lodash": {
      "version": "4.17.21",
      "resolved": "https://registry.npmjs.org/lodash/-/lodash-4.17.21.tgz",
      "integrity": "sha512-v2kDEe57lecTulaDIuNTPy3Ry4gLGJ6Z1O3vE1krgXZNrsQ+LFTGHVxVjcXPs17LhbZVGedAJv8XZ1tvj5FvSg=="
    },
    "torrent-parser": {
      "version": "1.2.0",
      "resolved": "https://registry.npmjs.org/torrent-parser/-/torrent-parser-1.2.0.tgz",
      "integrity": "sha1-v73jCnuBkG4rrzZ/cojBs1sOPtk=",
      "requires": {
        "bencode": "^0.11.0",
        "lodash": "^4.17.4"
      },
      "dependencies": {
        "bencode": {
          "version": "0.11.0",
          "resolved": "https://registry.npmjs.org/bencode/-/bencode-0.11.0.tgz",
          "integrity": "sha1-fqZdTOADADk6Q6ktVkC2+wIE3GQ="
        }
      }
    }
  }
}
